
Microsoft Visual Studio Solution File, Format Version 12.00
# Visual Studio Version 16
VisualStudioVersion = 16.0.30128.74
MinimumVisualStudioVersion = 10.0.40219.1
Project("{FAE04EC0-301F-11D3-BF4B-00C04F79EFBC}") = "AirSystem", "AirSystem.csproj", "{42A2351E-4EC8-4440-9103-7B7A4D5EE319}"
EndProject
Global
	GlobalSection(SolutionConfigurationPlatforms) = preSolution
		Debug|Any CPU = Debug|Any CPU
		Release|Any CPU = Release|Any CPU
	EndGlobalSection
	GlobalSection(ProjectConfigurationPlatforms) = postSolution
		{42A2351E-4EC8-4440-9103-7B7A4D5EE319}.Debug|Any CPU.ActiveCfg = Debug|Any CPU
		{42A2351E-4EC8-4440-9103-7B7A4D5EE319}.Debug|Any CPU.Build.0 = Debug|Any CPU
		{42A2351E-4EC8-4440-9103-7B7A4D5EE319}.Release|Any CPU.ActiveCfg = Release|Any CPU
		{42A2351E-4EC8-4440-9103-7B7A4D5EE319}.Release|Any CPU.Build.0 = Release|Any CPU
	EndGlobalSection
	GlobalSection(SolutionProperties) = preSolution
		HideSolutionNode = FALSE
	EndGlobalSection
	GlobalSection(ExtensibilityGlobals) = postSolution
		SolutionGuid = {3FB05B49-D38F-4FAF-9164-19B7795D1D8C}
	EndGlobalSection
EndGlobal
